{
    "_readme": [
        "This file locks the dependencies of your project to a known state",
        "Read more about it at https://getcomposer.org/doc/01-basic-usage.md#installing-dependencies",
        "This file is @generated automatically"
    ],
    "content-hash": "7a7a0b23774994774c5db8586800198c",
    "packages": [
        {
            "name": "dannyvankooten/php-router",
            "version": "1.2.0-alpha",
            "source": {
                "type": "git",
                "url": "https://github.com/dannyvankooten/PHP-Router.git",
                "reference": "5c5831e0bad321a2db184486e3589c2a2813ef83"
            },
            "dist": {
                "type": "zip",
                "url": "https://api.github.com/repos/dannyvankooten/PHP-Router/zipball/5c5831e0bad321a2db184486e3589c2a2813ef83",
                "reference": "5c5831e0bad321a2db184486e3589c2a2813ef83",
                "shasum": ""
            },
            "require": {
                "fig/http-message-util": "^1.1",
                "php": "^5.3.0|^7.0"
            },
            "require-dev": {
                "malukenho/docheader": "^0.1.5",
                "phpunit/phpunit": "4.8.*",
                "squizlabs/php_codesniffer": "2.*"
            },
            "type": "library",
            "autoload": {
                "psr-4": {
                    "PHPRouter\\": "src/"
                }
            },
            "notification-url": "https://packagist.org/downloads/",
            "license": [
                "MIT"
            ],
            "authors": [
                {
                    "name": "Danny van Kooten",
                    "email": "dannyvankooten@gmail.com",
                    "homepage": "http://dannyvankooten.com/"
                },
                {
                    "name": "Jefersson Nathan",
                    "email": "malukenho@phpse.net"
                }
            ],
            "description": "Simple PHP Router, supports REST and reverse routing.",
            "homepage": "https://github.com/dannyvankooten/PHP-Router",
            "keywords": [
                "rest",
                "router",
                "routing"
            ],
            "time": "2017-03-09T21:53:41+00:00"
        },
        {
            "name": "doctrine/cache",
            "version": "dev-master",
            "source": {
                "type": "git",
                "url": "https://github.com/doctrine/cache.git",
                "reference": "9c22e29b271426c3462f1e53777d1e9a1f16d84c"
            },
            "dist": {
                "type": "zip",
                "url": "https://api.github.com/repos/doctrine/cache/zipball/9c22e29b271426c3462f1e53777d1e9a1f16d84c",
                "reference": "9c22e29b271426c3462f1e53777d1e9a1f16d84c",
                "shasum": ""
            },
            "require": {
                "php": "~7.1"
            },
            "conflict": {
                "doctrine/common": ">2.2,<2.4"
            },
            "require-dev": {
                "alcaeus/mongo-php-adapter": "^1.1",
                "doctrine/coding-standard": "^6.0",
                "mongodb/mongodb": "^1.1",
                "phpunit/phpunit": "^7.0",
                "predis/predis": "~1.0"
            },
            "suggest": {
                "alcaeus/mongo-php-adapter": "Required to use legacy MongoDB driver"
            },
            "type": "library",
            "extra": {
                "branch-alias": {
                    "dev-master": "1.9.x-dev"
                }
            },
            "autoload": {
                "psr-4": {
                    "Doctrine\\Common\\Cache\\": "lib/Doctrine/Common/Cache"
                }
            },
            "notification-url": "https://packagist.org/downloads/",
            "license": [
                "MIT"
            ],
            "authors": [
                {
                    "name": "Roman Borschel",
                    "email": "roman@code-factory.org"
                },
                {
                    "name": "Benjamin Eberlei",
                    "email": "kontakt@beberlei.de"
                },
                {
                    "name": "Guilherme Blanco",
                    "email": "guilhermeblanco@gmail.com"
                },
                {
                    "name": "Jonathan Wage",
                    "email": "jonwage@gmail.com"
                },
                {
                    "name": "Johannes Schmitt",
                    "email": "schmittjoh@gmail.com"
                }
            ],
            "description": "PHP Doctrine Cache library is a popular cache implementation that supports many different drivers such as redis, memcache, apc, mongodb and others.",
            "homepage": "https://www.doctrine-project.org/projects/cache.html",
            "keywords": [
                "abstraction",
                "apcu",
                "cache",
                "caching",
                "couchdb",
                "memcached",
                "php",
                "redis",
                "riak",
                "xcache"
            ],
            "time": "2019-03-17T19:17:10+00:00"
        },
        {
            "name": "doctrine/dbal",
            "version": "dev-master",
            "source": {
                "type": "git",
                "url": "https://github.com/doctrine/dbal.git",
                "reference": "06d1d8c377dd687d88d14a376dba9d316633f137"
            },
            "dist": {
                "type": "zip",
                "url": "https://api.github.com/repos/doctrine/dbal/zipball/06d1d8c377dd687d88d14a376dba9d316633f137",
                "reference": "06d1d8c377dd687d88d14a376dba9d316633f137",
                "shasum": ""
            },
            "require": {
                "doctrine/cache": "^1.0",
                "doctrine/event-manager": "^1.0",
                "ext-pdo": "*",
                "php": "^7.2"
            },
            "require-dev": {
                "doctrine/coding-standard": "^6.0",
                "jetbrains/phpstorm-stubs": "^2018.1.2",
                "phpstan/phpstan": "^0.11.3",
                "phpunit/phpunit": "^8.1.5",
                "symfony/console": "^2.0.5|^3.0|^4.0",
                "symfony/phpunit-bridge": "^3.4.5|^4.0.5"
            },
            "suggest": {
                "symfony/console": "For helpful console commands such as SQL execution and import of files."
            },
            "bin": [
                "bin/doctrine-dbal"
            ],
            "type": "library",
            "extra": {
                "branch-alias": {
                    "dev-master": "2.10.x-dev",
                    "dev-develop": "3.0.x-dev"
                }
            },
            "autoload": {
                "psr-4": {
                    "Doctrine\\DBAL\\": "lib/Doctrine/DBAL"
                }
            },
            "notification-url": "https://packagist.org/downloads/",
            "license": [
                "MIT"
            ],
            "authors": [
                {
                    "name": "Roman Borschel",
                    "email": "roman@code-factory.org"
                },
                {
                    "name": "Benjamin Eberlei",
                    "email": "kontakt@beberlei.de"
                },
                {
                    "name": "Guilherme Blanco",
                    "email": "guilhermeblanco@gmail.com"
                },
                {
                    "name": "Jonathan Wage",
                    "email": "jonwage@gmail.com"
                }
            ],
            "description": "Powerful PHP database abstraction layer (DBAL) with many features for database schema introspection and management.",
            "homepage": "https://www.doctrine-project.org/projects/dbal.html",
            "keywords": [
                "abstraction",
                "database",
                "db2",
                "dbal",
                "mariadb",
                "mssql",
                "mysql",
                "oci8",
                "oracle",
                "pdo",
                "pgsql",
                "postgresql",
                "queryobject",
                "sasql",
                "sql",
                "sqlanywhere",
                "sqlite",
                "sqlserver",
                "sqlsrv"
            ],
            "time": "2019-05-17T13:57:45+00:00"
        },
        {
            "name": "doctrine/event-manager",
            "version": "dev-master",
            "source": {
                "type": "git",
                "url": "https://github.com/doctrine/event-manager.git",
                "reference": "45e6c7bc79b5f46e601236ebd6e69623e528d312"
            },
            "dist": {
                "type": "zip",
                "url": "https://api.github.com/repos/doctrine/event-manager/zipball/45e6c7bc79b5f46e601236ebd6e69623e528d312",
                "reference": "45e6c7bc79b5f46e601236ebd6e69623e528d312",
                "shasum": ""
            },
            "require": {
                "php": "^7.1"
            },
            "conflict": {
                "doctrine/common": "<2.9@dev"
            },
            "require-dev": {
                "doctrine/coding-standard": "^6.0",
                "phpunit/phpunit": "^7.0"
            },
            "type": "library",
            "extra": {
                "branch-alias": {
                    "dev-master": "1.0.x-dev"
                }
            },
            "autoload": {
                "psr-4": {
                    "Doctrine\\Common\\": "lib/Doctrine/Common"
                }
            },
            "notification-url": "https://packagist.org/downloads/",
            "license": [
                "MIT"
            ],
            "authors": [
                {
                    "name": "Roman Borschel",
                    "email": "roman@code-factory.org"
                },
                {
                    "name": "Benjamin Eberlei",
                    "email": "kontakt@beberlei.de"
                },
                {
                    "name": "Guilherme Blanco",
                    "email": "guilhermeblanco@gmail.com"
                },
                {
                    "name": "Jonathan Wage",
                    "email": "jonwage@gmail.com"
                },
                {
                    "name": "Johannes Schmitt",
                    "email": "schmittjoh@gmail.com"
                },
                {
                    "name": "Marco Pivetta",
                    "email": "ocramius@gmail.com"
                }
            ],
            "description": "The Doctrine Event Manager is a simple PHP event system that was built to be used with the various Doctrine projects.",
            "homepage": "https://www.doctrine-project.org/projects/event-manager.html",
            "keywords": [
                "event",
                "event dispatcher",
                "event manager",
                "event system",
                "events"
            ],
            "time": "2019-03-17T19:24:10+00:00"
        },
        {
            "name": "fig/http-message-util",
            "version": "dev-master",
            "source": {
                "type": "git",
                "url": "https://github.com/php-fig/http-message-util.git",
                "reference": "50d0bc9262cf66e1c2f5eb185c6767556b146542"
            },
            "dist": {
                "type": "zip",
                "url": "https://api.github.com/repos/php-fig/http-message-util/zipball/50d0bc9262cf66e1c2f5eb185c6767556b146542",
                "reference": "50d0bc9262cf66e1c2f5eb185c6767556b146542",
                "shasum": ""
            },
            "require": {
                "php": "^5.3 || ^7.0",
                "psr/http-message": "^1.0"
            },
            "type": "library",
            "extra": {
                "branch-alias": {
                    "dev-master": "1.1.x-dev"
                }
            },
            "autoload": {
                "psr-4": {
                    "Fig\\Http\\Message\\": "src/"
                }
            },
            "notification-url": "https://packagist.org/downloads/",
            "license": [
                "MIT"
            ],
            "authors": [
                {
                    "name": "PHP-FIG",
                    "homepage": "http://www.php-fig.org/"
                }
            ],
            "description": "Utility classes and constants for use with PSR-7 (psr/http-message)",
            "keywords": [
                "http",
                "http-message",
                "psr",
                "psr-7",
                "request",
                "response"
            ],
            "time": "2018-11-19T21:41:57+00:00"
        },
        {
            "name": "psr/http-factory",
            "version": "dev-master",
            "source": {
                "type": "git",
                "url": "https://github.com/php-fig/http-factory.git",
                "reference": "12ac7fcd07e5b077433f5f2bee95b3a771bf61be"
            },
            "dist": {
                "type": "zip",
                "url": "https://api.github.com/repos/php-fig/http-factory/zipball/12ac7fcd07e5b077433f5f2bee95b3a771bf61be",
                "reference": "12ac7fcd07e5b077433f5f2bee95b3a771bf61be",
                "shasum": ""
            },
            "require": {
                "php": ">=7.0.0",
                "psr/http-message": "^1.0"
            },
            "type": "library",
            "extra": {
                "branch-alias": {
                    "dev-master": "1.0.x-dev"
                }
            },
            "autoload": {
                "psr-4": {
                    "Psr\\Http\\Message\\": "src/"
                }
            },
            "notification-url": "https://packagist.org/downloads/",
            "license": [
                "MIT"
            ],
            "authors": [
                {
                    "name": "PHP-FIG",
                    "homepage": "http://www.php-fig.org/"
                }
            ],
            "description": "Common interfaces for PSR-7 HTTP message factories",
            "keywords": [
                "factory",
                "http",
                "message",
                "psr",
                "psr-17",
                "psr-7",
                "request",
                "response"
            ],
            "time": "2019-04-30T12:38:16+00:00"
        },
        {
            "name": "psr/http-message",
            "version": "dev-master",
            "source": {
                "type": "git",
                "url": "https://github.com/php-fig/http-message.git",
                "reference": "f6561bf28d520154e4b0ec72be95418abe6d9363"
            },
            "dist": {
                "type": "zip",
                "url": "https://api.github.com/repos/php-fig/http-message/zipball/f6561bf28d520154e4b0ec72be95418abe6d9363",
                "reference": "f6561bf28d520154e4b0ec72be95418abe6d9363",
                "shasum": ""
            },
            "require": {
                "php": ">=5.3.0"
            },
            "type": "library",
            "extra": {
                "branch-alias": {
                    "dev-master": "1.0.x-dev"
                }
            },
            "autoload": {
                "psr-4": {
                    "Psr\\Http\\Message\\": "src/"
                }
            },
            "notification-url": "https://packagist.org/downloads/",
            "license": [
                "MIT"
            ],
            "authors": [
                {
                    "name": "PHP-FIG",
                    "homepage": "http://www.php-fig.org/"
                }
            ],
            "description": "Common interface for HTTP messages",
            "homepage": "https://github.com/php-fig/http-message",
            "keywords": [
                "http",
                "http-message",
                "psr",
                "psr-7",
                "request",
                "response"
            ],
            "time": "2016-08-06T14:39:51+00:00"
        },
        {
            "name": "sunrise/http-header",
            "version": "v1.0.9",
            "source": {
                "type": "git",
                "url": "https://github.com/sunrise-php/http-header.git",
                "reference": "c226f101b8a236e484dbea3aa1ebce8f01374e90"
            },
            "dist": {
                "type": "zip",
                "url": "https://api.github.com/repos/sunrise-php/http-header/zipball/c226f101b8a236e484dbea3aa1ebce8f01374e90",
                "reference": "c226f101b8a236e484dbea3aa1ebce8f01374e90",
                "shasum": ""
            },
            "require": {
                "php": "^7.1",
                "psr/http-message": "^1.0"
            },
            "require-dev": {
                "phpunit/phpunit": "7.5.6"
            },
            "type": "library",
            "autoload": {
                "psr-4": {
                    "Sunrise\\Http\\Header\\": "src/"
                }
            },
            "notification-url": "https://packagist.org/downloads/",
            "license": [
                "MIT"
            ],
            "authors": [
                {
                    "name": "Anatoly Fenric",
                    "email": "anatoly@fenric.ru",
                    "homepage": "https://anatoly.fenric.ru/"
                }
            ],
            "description": "Sunrise HTTP Header interface for PHP 7.1+ based on PSR-7",
            "homepage": "https://github.com/sunrise-php/http-header",
            "keywords": [
                "HTTP-header",
                "fenric",
                "psr-7",
                "sunrise"
            ],
            "time": "2019-02-25T18:29:14+00:00"
        },
        {
            "name": "sunrise/http-message",
            "version": "v1.0.16",
            "source": {
                "type": "git",
                "url": "https://github.com/sunrise-php/http-message.git",
                "reference": "739fdd48f0b2f91a1629d952e56e0738aec3ac25"
            },
            "dist": {
                "type": "zip",
                "url": "https://api.github.com/repos/sunrise-php/http-message/zipball/739fdd48f0b2f91a1629d952e56e0738aec3ac25",
                "reference": "739fdd48f0b2f91a1629d952e56e0738aec3ac25",
                "shasum": ""
            },
            "require": {
                "php": "^7.1",
                "psr/http-factory": "^1.0",
                "psr/http-message": "^1.0",
                "sunrise/http-header": "^1.0",
                "sunrise/stream": "^1.0",
                "sunrise/uri": "^1.0"
            },
            "provide": {
                "psr/http-message-implementation": "1.0"
            },
            "require-dev": {
                "fig/http-message-util": "1.1.3",
                "php-http/psr7-integration-tests": "dev-master",
                "phpunit/phpunit": "7.5.6"
            },
            "type": "library",
            "autoload": {
                "files": [
                    "data/phrases.php"
                ],
                "psr-4": {
                    "Sunrise\\Http\\Message\\": "src/"
                }
            },
            "notification-url": "https://packagist.org/downloads/",
            "license": [
                "MIT"
            ],
            "authors": [
                {
                    "name": "Anatoly Fenric",
                    "email": "anatoly@fenric.ru",
                    "homepage": "https://anatoly.fenric.ru/"
                }
            ],
            "description": "Sunrise HTTP message wrapper for PHP 7.1+ based on RFC-7230, PSR-7 & PSR-17",
            "homepage": "https://github.com/sunrise-php/http-message",
            "keywords": [
                "fenric",
                "http-message",
                "psr-17",
                "psr-7",
                "rfc-7230",
                "sunrise"
            ],
            "time": "2019-03-05T09:12:50+00:00"
        },
        {
            "name": "sunrise/http-server-request",
            "version": "dev-master",
            "source": {
                "type": "git",
                "url": "https://github.com/sunrise-php/http-server-request.git",
                "reference": "70cc52366cc7ea3c3fc5fc1b6c54bb7a7441d763"
            },
            "dist": {
                "type": "zip",
                "url": "https://api.github.com/repos/sunrise-php/http-server-request/zipball/70cc52366cc7ea3c3fc5fc1b6c54bb7a7441d763",
                "reference": "70cc52366cc7ea3c3fc5fc1b6c54bb7a7441d763",
                "shasum": ""
            },
            "require": {
                "php": "^7.1",
                "psr/http-factory": "^1.0",
                "psr/http-message": "^1.0",
                "sunrise/http-message": "^1.0",
                "sunrise/stream": "^1.0",
                "sunrise/uri": "^1.0"
            },
            "provide": {
                "psr/http-message-implementation": "1.0"
            },
            "require-dev": {
                "php-http/psr7-integration-tests": "dev-master",
                "phpunit/phpunit": "7.5.6"
            },
            "type": "library",
            "autoload": {
                "psr-4": {
                    "Sunrise\\Http\\ServerRequest\\": "src/"
                },
                "files": [
                    "functions/request_body.php",
                    "functions/request_files.php",
                    "functions/request_headers.php",
                    "functions/request_http_version.php",
                    "functions/request_method.php",
                    "functions/request_uri.php"
                ]
            },
            "notification-url": "https://packagist.org/downloads/",
            "license": [
                "MIT"
            ],
            "authors": [
                {
                    "name": "Anatoly Fenric",
                    "email": "anatoly@fenric.ru",
                    "homepage": "https://anatoly.fenric.ru/"
                },
                {
                    "name": "李昀陞 (Peter)",
                    "email": "peter279k@gmail.com",
                    "homepage": "https://github.com/peter279k"
                }
            ],
            "description": "Sunrise HTTP Server Request wrapper for PHP 7.1+ based on PSR-7 & PSR-17",
            "homepage": "https://github.com/sunrise-php/http-server-request",
            "keywords": [
                "fenric",
                "http-server-request",
                "psr-17",
                "psr-7",
                "sunrise"
            ],
            "time": "2019-03-05T09:55:47+00:00"
        },
        {
            "name": "sunrise/stream",
            "version": "v1.0.21",
            "source": {
                "type": "git",
                "url": "https://github.com/sunrise-php/stream.git",
                "reference": "43fb91e36375b792a8c11853c23aa6efbb71fdbe"
            },
            "dist": {
                "type": "zip",
                "url": "https://api.github.com/repos/sunrise-php/stream/zipball/43fb91e36375b792a8c11853c23aa6efbb71fdbe",
                "reference": "43fb91e36375b792a8c11853c23aa6efbb71fdbe",
                "shasum": ""
            },
            "require": {
                "php": "^7.1",
                "psr/http-factory": "^1.0",
                "psr/http-message": "^1.0"
            },
            "provide": {
                "psr/http-message-implementation": "1.0"
            },
            "require-dev": {
                "php-http/psr7-integration-tests": "dev-master",
                "phpunit/phpunit": "7.5.6"
            },
            "type": "library",
            "autoload": {
                "psr-4": {
                    "Sunrise\\Stream\\": "src/"
                }
            },
            "notification-url": "https://packagist.org/downloads/",
            "license": [
                "MIT"
            ],
            "authors": [
                {
                    "name": "Anatoly Fenric",
                    "email": "anatoly@fenric.ru",
                    "homepage": "https://anatoly.fenric.ru/"
                },
                {
                    "name": "李昀陞 (Peter)",
                    "email": "peter279k@gmail.com",
                    "homepage": "https://github.com/peter279k"
                }
            ],
            "description": "Simple Stream wrapper for PHP 7.1+ based on PSR-7 & PSR-17",
            "homepage": "https://github.com/sunrise-php/stream",
            "keywords": [
                "fenric",
                "psr-17",
                "psr-7",
                "stream",
                "sunrise"
            ],
            "time": "2019-03-05T10:21:54+00:00"
        },
        {
            "name": "sunrise/uri",
            "version": "v1.0.26",
            "source": {
                "type": "git",
                "url": "https://github.com/sunrise-php/uri.git",
                "reference": "fe57c5306cac4b56190662f1f6aea1d8a99dc220"
            },
            "dist": {
                "type": "zip",
                "url": "https://api.github.com/repos/sunrise-php/uri/zipball/fe57c5306cac4b56190662f1f6aea1d8a99dc220",
                "reference": "fe57c5306cac4b56190662f1f6aea1d8a99dc220",
                "shasum": ""
            },
            "require": {
                "php": "^7.1",
                "psr/http-factory": "^1.0",
                "psr/http-message": "^1.0"
            },
            "provide": {
                "psr/http-message-implementation": "1.0"
            },
            "require-dev": {
                "php-http/psr7-integration-tests": "dev-master",
                "phpunit/phpunit": "7.5.6"
            },
            "type": "library",
            "autoload": {
                "psr-4": {
                    "Sunrise\\Uri\\": "src/"
                }
            },
            "notification-url": "https://packagist.org/downloads/",
            "license": [
                "MIT"
            ],
            "authors": [
                {
                    "name": "Anatoly Fenric",
                    "email": "anatoly@fenric.ru",
                    "homepage": "https://anatoly.fenric.ru/"
                },
                {
                    "name": "李昀陞 (Peter)",
                    "email": "peter279k@gmail.com",
                    "homepage": "https://github.com/peter279k"
                }
            ],
            "description": "Simple URI wrapper for PHP 7.1+ based on RFC-3986, PSR-7 & PSR-17",
            "homepage": "https://github.com/sunrise-php/uri",
            "keywords": [
                "fenric",
                "parser",
                "psr-17",
                "psr-7",
                "rfc-3986",
                "sunrise",
                "uri"
            ],
            "time": "2019-03-05T10:41:30+00:00"
        },
        {
            "name": "symlex/doctrine-active-record",
            "version": "dev-master",
            "source": {
                "type": "git",
                "url": "https://github.com/symlex/doctrine-active-record.git",
                "reference": "918dbdf73a0acf32a0d70a3d5c39e290ac3e3b8d"
            },
            "dist": {
                "type": "zip",
                "url": "https://api.github.com/repos/symlex/doctrine-active-record/zipball/918dbdf73a0acf32a0d70a3d5c39e290ac3e3b8d",
                "reference": "918dbdf73a0acf32a0d70a3d5c39e290ac3e3b8d",
                "shasum": ""
            },
            "require": {
                "doctrine/dbal": "^2.8",
                "php": ">=7.1"
            },
            "require-dev": {
                "lastzero/test-tools": "^4.0"
            },
            "type": "library",
            "autoload": {
                "psr-4": {
                    "Doctrine\\ActiveRecord\\": "src/"
                }
            },
            "notification-url": "https://packagist.org/downloads/",
            "license": [
                "MIT"
            ],
            "authors": [
                {
                    "name": "Michael Mayer",
                    "email": "michael@liquidbytes.net",
                    "homepage": "https://liquidbytes.net/",
                    "role": "Developer"
                }
            ],
            "description": "Object-oriented CRUD for Doctrine DBAL",
            "homepage": "https://github.com/symlex/doctrine-active-record",
            "keywords": [
                "dao",
                "database",
                "db",
                "model",
                "silex",
                "symfony"
            ],
            "time": "2019-01-03T02:08:59+00:00"
        }
    ],
    "packages-dev": [],
    "aliases": [],
    "minimum-stability": "dev",
    "stability-flags": {
        "dannyvankooten/php-router": 15,
        "sunrise/http-server-request": 20,
        "symlex/doctrine-active-record": 20
    },
    "prefer-stable": false,
    "prefer-lowest": false,
    "platform": [],
    "platform-dev": []
}
